{
  "projects": [
    {
      "projectId": "ohDidvG9XsCeFumugENU3J",
      "version": "6.26.0",
      "dependencies": {},
      "lang": "js",
      "fileLocks": [
        {
          "assetId": "ohDidvG9XsCeFumugENU3J",
          "type": "projectCss",
          "checksum": "fd83b730367fdbde2c69bc6cf31c2a3c"
        },
        {
          "assetId": "ohDidvG9XsCeFumugENU3J",
          "checksum": "de0a0e65174a6a185a8f822af51c6bdd",
          "type": "globalContexts"
        }
      ],
      "codegenVersion": "0.0.1"
    },
    {
      "projectId": "7Qz89xnqXqdWCqeLfp63vj",
      "version": "latest",
      "dependencies": {
        "ohDidvG9XsCeFumugENU3J": "6.26.0"
      },
      "lang": "js",
      "fileLocks": [
        {
          "type": "globalVariant",
          "assetId": "_ljhxFWaBDN0",
          "checksum": "e11b49eaa277431ef909d0bcb26cf806"
        },
        {
          "assetId": "7Qz89xnqXqdWCqeLfp63vj",
          "type": "projectCss",
          "checksum": "ba80ddcbd4c2a72a8bb6c4bd942fb675"
        },
        {
          "assetId": "7Qz89xnqXqdWCqeLfp63vj",
          "checksum": "2343633b1f24671dbdd0556434663133",
          "type": "globalContexts"
        },
        {
          "type": "renderModule",
          "assetId": "6F13kKZhV-nj",
          "checksum": "4454427a46e49b3caa93828a0e6f4274"
        },
        {
          "type": "cssRules",
          "assetId": "6F13kKZhV-nj",
          "checksum": "4454427a46e49b3caa93828a0e6f4274"
        },
        {
          "type": "renderModule",
          "assetId": "cMoejsjYHZAF",
          "checksum": "0606ea861adcaf3bbdc0d48f1d842fb4"
        },
        {
          "type": "cssRules",
          "assetId": "cMoejsjYHZAF",
          "checksum": "0606ea861adcaf3bbdc0d48f1d842fb4"
        },
        {
          "type": "renderModule",
          "assetId": "hX3LMAo3k5Ox",
          "checksum": "eadf9b5362bd787140de568b07280c7d"
        },
        {
          "type": "cssRules",
          "assetId": "hX3LMAo3k5Ox",
          "checksum": "eadf9b5362bd787140de568b07280c7d"
        },
        {
          "type": "renderModule",
          "assetId": "33zJeJzqHDH0",
          "checksum": "b08ec4a5c82ac7b0b3a2ba7c8851bc54"
        },
        {
          "type": "cssRules",
          "assetId": "33zJeJzqHDH0",
          "checksum": "b08ec4a5c82ac7b0b3a2ba7c8851bc54"
        },
        {
          "type": "icon",
          "assetId": "EaxE3RtaAdYp",
          "checksum": "d8ce6fa4586e95c77e1c344865dc5e0f"
        },
        {
          "type": "icon",
          "assetId": "Y2slRN9kNB91",
          "checksum": "381750f472f67ccea568b4b94d18d4f6"
        },
        {
          "type": "icon",
          "assetId": "dtoRwhVVaHfN",
          "checksum": "94491f569738399c3a87d9dde39dfc02"
        },
        {
          "type": "icon",
          "assetId": "15GF3ijpWuCe",
          "checksum": "c4d8566e5a4c34ce289b25d461145dbd"
        },
        {
          "type": "icon",
          "assetId": "oH2CHhCY74Y0",
          "checksum": "f6365fb31ed060644edbb5ea5e60ad0d"
        },
        {
          "type": "icon",
          "assetId": "fTkiYKD6NDUW",
          "checksum": "5b7e383e1d5aa00c2bad09025e613579"
        },
        {
          "type": "icon",
          "assetId": "Y3JGSQVwjqyF",
          "checksum": "718852c41ce1de67ed50d8d456260926"
        },
        {
          "type": "icon",
          "assetId": "VIFMIdnk-AIZ",
          "checksum": "6f53ac7c7ea69204222bf95b6cb400a4"
        },
        {
          "type": "icon",
          "assetId": "704SCw5IlQeL",
          "checksum": "ab9f2bf544d9d269fe0736df2bdbdd88"
        },
        {
          "type": "icon",
          "assetId": "xvCgaMe-CnZ2",
          "checksum": "53778cf7fa9fda38cf6b47112a27d1ac"
        },
        {
          "type": "icon",
          "assetId": "o45nuNeH2L4I",
          "checksum": "a17ec2cb5ec4c52c46d2fed7bb791286"
        },
        {
          "type": "icon",
          "assetId": "Ib5Bys4otdPF",
          "checksum": "d5e7b083bdea024f9bbc5ea5829aa834"
        },
        {
          "type": "icon",
          "assetId": "rmkTBqq_i_NM",
          "checksum": "0f52ffafa56d9a6f43987f7673d2bac7"
        },
        {
          "type": "image",
          "assetId": "DNB4ROno4qKs",
          "checksum": "9754e76277c98e2fe0c8f75d0cc19a35"
        },
        {
          "type": "image",
          "assetId": "I3t0JGrZ3-eT",
          "checksum": "447af49d126f3c500fe50f92dc41f4db"
        },
        {
          "type": "image",
          "assetId": "joWUOjh2pytn",
          "checksum": "acc0bff345a2a930c2a04902f99a88fd"
        },
        {
          "type": "image",
          "assetId": "giKeuE8zD3SR",
          "checksum": "4299836a574b31420e95ea15512f57e0"
        },
        {
          "type": "image",
          "assetId": "tnLeEwuiS12Y",
          "checksum": "1201310a990bb25442978c3cab8b57fd"
        },
        {
          "type": "image",
          "assetId": "AC9kCyV8NbZ8",
          "checksum": "41dbda5627a6f6aa62cd15303fc7596c"
        },
        {
          "type": "image",
          "assetId": "nXFDRp1clGQz",
          "checksum": "fc27d31453f48111b533a59d8d6582c7"
        },
        {
          "type": "image",
          "assetId": "1mLB3Wl9pksp",
          "checksum": "fec9b8e020775fa1647d6018a4ca353c"
        },
        {
          "type": "image",
          "assetId": "ijBpse8u9eAh",
          "checksum": "e08a1bf6649d898cafd454e3abb22c32"
        },
        {
          "type": "image",
          "assetId": "Q6MICD6RCFnc",
          "checksum": "ff375d708ae4eb2556ac2d753eb95637"
        },
        {
          "type": "image",
          "assetId": "7rzaK5IgTUzm",
          "checksum": "60c801a95ecfbbc7731d93781e6eab11"
        },
        {
          "type": "image",
          "assetId": "V5in8zlBUaSo",
          "checksum": "cbf58a8c6616ee7120afc639dd8cac99"
        },
        {
          "type": "image",
          "assetId": "1KIXD8-2MmPw",
          "checksum": "29f383e7a1168bee009ab17584260f01"
        },
        {
          "type": "image",
          "assetId": "1Ug3dg24tBXo",
          "checksum": "4e5cf702846fd24db726f934f485bb3e"
        },
        {
          "type": "image",
          "assetId": "f38qgdneq7b5",
          "checksum": "0242ad31b250acc08a7c38a494dbb89d"
        },
        {
          "type": "image",
          "assetId": "rN_ZtPgR03QW",
          "checksum": "ff1134c20d5313001ae2249bdc88f459"
        },
        {
          "type": "image",
          "assetId": "rE5HqrBb7wcH",
          "checksum": "70d828ec857a3ee40b2c20c1f31f98c0"
        }
      ],
      "codegenVersion": "0.0.1"
    }
  ],
  "cliVersion": "0.1.334"
}
